
Microsoft Visual Studio Solution File, Format Version 12.00
# Visual Studio Version 16
VisualStudioVersion = 16.0.30114.105
MinimumVisualStudioVersion = 10.0.40219.1
Project("{FAE04EC0-301F-11D3-BF4B-00C04F79EFBC}") = "OlaMundo", "OlaMundo\OlaMundo.csproj", "{241979CD-7E60-43A4-B9AC-D7E33753B31D}"
EndProject
Project("{FAE04EC0-301F-11D3-BF4B-00C04F79EFBC}") = "Argumentos", "Argumentos\Argumentos.csproj", "{F33574E0-BB96-40AF-9619-89C069594BEF}"
EndProject
Global
	GlobalSection(SolutionConfigurationPlatforms) = preSolution
		Debug|Any CPU = Debug|Any CPU
		Release|Any CPU = Release|Any CPU
	EndGlobalSection
	GlobalSection(SolutionProperties) = preSolution
		HideSolutionNode = FALSE
	EndGlobalSection
	GlobalSection(ProjectConfigurationPlatforms) = postSolution
		{241979CD-7E60-43A4-B9AC-D7E33753B31D}.Debug|Any CPU.ActiveCfg = Debug|Any CPU
		{241979CD-7E60-43A4-B9AC-D7E33753B31D}.Debug|Any CPU.Build.0 = Debug|Any CPU
		{241979CD-7E60-43A4-B9AC-D7E33753B31D}.Release|Any CPU.ActiveCfg = Release|Any CPU
		{241979CD-7E60-43A4-B9AC-D7E33753B31D}.Release|Any CPU.Build.0 = Release|Any CPU
		{F33574E0-BB96-40AF-9619-89C069594BEF}.Debug|Any CPU.ActiveCfg = Debug|Any CPU
		{F33574E0-BB96-40AF-9619-89C069594BEF}.Debug|Any CPU.Build.0 = Debug|Any CPU
		{F33574E0-BB96-40AF-9619-89C069594BEF}.Release|Any CPU.ActiveCfg = Release|Any CPU
		{F33574E0-BB96-40AF-9619-89C069594BEF}.Release|Any CPU.Build.0 = Release|Any CPU
	EndGlobalSection
EndGlobal
